
Microsoft Visual Studio Solution File, Format Version 12.00
# Visual Studio Version 17
VisualStudioVersion = 17.2.32616.157
MinimumVisualStudioVersion = 10.0.40219.1
Project("{9A19103F-16F7-4668-BE54-9A1E7A4F7556}") = "09.PalindromeNumber", "PalindromeNumber\09.PalindromeNumber.csproj", "{0C042504-A53A-46EA-B312-86355D9DB59B}"
EndProject
Project("{9A19103F-16F7-4668-BE54-9A1E7A4F7556}") = "2235.AddTwoIntegers", "2235.AddTwoIntegers\2235.AddTwoIntegers.csproj", "{80A8A522-28A2-40E7-AE25-65C242090912}"
EndProject
Project("{9A19103F-16F7-4668-BE54-9A1E7A4F7556}") = "1480.RunningSumOf1dArray", "1480.RunningSumOf1dArray\1480.RunningSumOf1dArray.csproj", "{32FEDB4C-EA94-450F-B3BE-9FBE827B27A0}"
EndProject
Project("{9A19103F-16F7-4668-BE54-9A1E7A4F7556}") = "1108.DefangingAnIPAddress", "1108.DefangingAnIPAddress\1108.DefangingAnIPAddress.csproj", "{562F848B-972F-4E96-84DD-C377EE41DF05}"
EndProject
Project("{9A19103F-16F7-4668-BE54-9A1E7A4F7556}") = "2011.FinalValueOfVariableAfterPerformingOperations", "2011.FinalValueOfVariableAfterPerformingOperations\2011.FinalValueOfVariableAfterPerformingOperations.csproj", "{54352E95-30A9-4A07-BCD6-0EC14FD94428}"
EndProject
Project("{9A19103F-16F7-4668-BE54-9A1E7A4F7556}") = "771.JewelsAndStones", "771.JewelsAndStones\771.JewelsAndStones.csproj", "{CE0A5876-62AC-409C-84CF-386A79065634}"
EndProject
Project("{9A19103F-16F7-4668-BE54-9A1E7A4F7556}") = "2114.MaximumNumberOfWordsFoundInSentences", "2114.MaximumNumberOfWordsFoundInSentences\2114.MaximumNumberOfWordsFoundInSentences.csproj", "{C662988B-9A88-4EE6-BDE5-1DDB3E14B324}"
EndProject
Project("{9A19103F-16F7-4668-BE54-9A1E7A4F7556}") = "657.RobotReturnToOrigin", "657.RobotReturnToOrigin\657.RobotReturnToOrigin.csproj", "{3555DD87-BA77-46E1-937B-0793F4853C13}"
EndProject
Project("{9A19103F-16F7-4668-BE54-9A1E7A4F7556}") = "344.ReverseString", "344.ReverseString\344.ReverseString.csproj", "{497581DE-04D3-4A8F-A680-FD60B9036536}"
EndProject
Project("{9A19103F-16F7-4668-BE54-9A1E7A4F7556}") = "1929.ConcatenationOfArray", "1929.ConcatenationOfArray\1929.ConcatenationOfArray.csproj", "{CC54EED0-015B-4375-A3C1-2CC4BA789736}"
EndProject
Project("{FAE04EC0-301F-11D3-BF4B-00C04F79EFBC}") = "1374.GenerateAStringWithCharactersThatHaveOddCounts", "1374.GenerateAStringWithCharactersThatHaveOddCounts\1374.GenerateAStringWithCharactersThatHaveOddCounts.csproj", "{5DAC8374-56F9-4DDE-AB69-BEB9292B9E2F}"
EndProject
Global
	GlobalSection(SolutionConfigurationPlatforms) = preSolution
		Debug|Any CPU = Debug|Any CPU
		Release|Any CPU = Release|Any CPU
	EndGlobalSection
	GlobalSection(ProjectConfigurationPlatforms) = postSolution
		{0C042504-A53A-46EA-B312-86355D9DB59B}.Debug|Any CPU.ActiveCfg = Debug|Any CPU
		{0C042504-A53A-46EA-B312-86355D9DB59B}.Debug|Any CPU.Build.0 = Debug|Any CPU
		{0C042504-A53A-46EA-B312-86355D9DB59B}.Release|Any CPU.ActiveCfg = Release|Any CPU
		{0C042504-A53A-46EA-B312-86355D9DB59B}.Release|Any CPU.Build.0 = Release|Any CPU
		{80A8A522-28A2-40E7-AE25-65C242090912}.Debug|Any CPU.ActiveCfg = Debug|Any CPU
		{80A8A522-28A2-40E7-AE25-65C242090912}.Debug|Any CPU.Build.0 = Debug|Any CPU
		{80A8A522-28A2-40E7-AE25-65C242090912}.Release|Any CPU.ActiveCfg = Release|Any CPU
		{80A8A522-28A2-40E7-AE25-65C242090912}.Release|Any CPU.Build.0 = Release|Any CPU
		{32FEDB4C-EA94-450F-B3BE-9FBE827B27A0}.Debug|Any CPU.ActiveCfg = Debug|Any CPU
		{32FEDB4C-EA94-450F-B3BE-9FBE827B27A0}.Debug|Any CPU.Build.0 = Debug|Any CPU
		{32FEDB4C-EA94-450F-B3BE-9FBE827B27A0}.Release|Any CPU.ActiveCfg = Release|Any CPU
		{32FEDB4C-EA94-450F-B3BE-9FBE827B27A0}.Release|Any CPU.Build.0 = Release|Any CPU
		{562F848B-972F-4E96-84DD-C377EE41DF05}.Debug|Any CPU.ActiveCfg = Debug|Any CPU
		{562F848B-972F-4E96-84DD-C377EE41DF05}.Debug|Any CPU.Build.0 = Debug|Any CPU
		{562F848B-972F-4E96-84DD-C377EE41DF05}.Release|Any CPU.ActiveCfg = Release|Any CPU
		{562F848B-972F-4E96-84DD-C377EE41DF05}.Release|Any CPU.Build.0 = Release|Any CPU
		{54352E95-30A9-4A07-BCD6-0EC14FD94428}.Debug|Any CPU.ActiveCfg = Debug|Any CPU
		{54352E95-30A9-4A07-BCD6-0EC14FD94428}.Debug|Any CPU.Build.0 = Debug|Any CPU
		{54352E95-30A9-4A07-BCD6-0EC14FD94428}.Release|Any CPU.ActiveCfg = Release|Any CPU
		{54352E95-30A9-4A07-BCD6-0EC14FD94428}.Release|Any CPU.Build.0 = Release|Any CPU
		{CE0A5876-62AC-409C-84CF-386A79065634}.Debug|Any CPU.ActiveCfg = Debug|Any CPU
		{CE0A5876-62AC-409C-84CF-386A79065634}.Debug|Any CPU.Build.0 = Debug|Any CPU
		{CE0A5876-62AC-409C-84CF-386A79065634}.Release|Any CPU.ActiveCfg = Release|Any CPU
		{CE0A5876-62AC-409C-84CF-386A79065634}.Release|Any CPU.Build.0 = Release|Any CPU
		{C662988B-9A88-4EE6-BDE5-1DDB3E14B324}.Debug|Any CPU.ActiveCfg = Debug|Any CPU
		{C662988B-9A88-4EE6-BDE5-1DDB3E14B324}.Debug|Any CPU.Build.0 = Debug|Any CPU
		{C662988B-9A88-4EE6-BDE5-1DDB3E14B324}.Release|Any CPU.ActiveCfg = Release|Any CPU
		{C662988B-9A88-4EE6-BDE5-1DDB3E14B324}.Release|Any CPU.Build.0 = Release|Any CPU
		{3555DD87-BA77-46E1-937B-0793F4853C13}.Debug|Any CPU.ActiveCfg = Debug|Any CPU
		{3555DD87-BA77-46E1-937B-0793F4853C13}.Debug|Any CPU.Build.0 = Debug|Any CPU
		{3555DD87-BA77-46E1-937B-0793F4853C13}.Release|Any CPU.ActiveCfg = Release|Any CPU
		{3555DD87-BA77-46E1-937B-0793F4853C13}.Release|Any CPU.Build.0 = Release|Any CPU
		{497581DE-04D3-4A8F-A680-FD60B9036536}.Debug|Any CPU.ActiveCfg = Debug|Any CPU
		{497581DE-04D3-4A8F-A680-FD60B9036536}.Debug|Any CPU.Build.0 = Debug|Any CPU
		{497581DE-04D3-4A8F-A680-FD60B9036536}.Release|Any CPU.ActiveCfg = Release|Any CPU
		{497581DE-04D3-4A8F-A680-FD60B9036536}.Release|Any CPU.Build.0 = Release|Any CPU
		{CC54EED0-015B-4375-A3C1-2CC4BA789736}.Debug|Any CPU.ActiveCfg = Debug|Any CPU
		{CC54EED0-015B-4375-A3C1-2CC4BA789736}.Debug|Any CPU.Build.0 = Debug|Any CPU
		{CC54EED0-015B-4375-A3C1-2CC4BA789736}.Release|Any CPU.ActiveCfg = Release|Any CPU
		{CC54EED0-015B-4375-A3C1-2CC4BA789736}.Release|Any CPU.Build.0 = Release|Any CPU
		{5DAC8374-56F9-4DDE-AB69-BEB9292B9E2F}.Debug|Any CPU.ActiveCfg = Debug|Any CPU
		{5DAC8374-56F9-4DDE-AB69-BEB9292B9E2F}.Debug|Any CPU.Build.0 = Debug|Any CPU
		{5DAC8374-56F9-4DDE-AB69-BEB9292B9E2F}.Release|Any CPU.ActiveCfg = Release|Any CPU
		{5DAC8374-56F9-4DDE-AB69-BEB9292B9E2F}.Release|Any CPU.Build.0 = Release|Any CPU
	EndGlobalSection
	GlobalSection(SolutionProperties) = preSolution
		HideSolutionNode = FALSE
	EndGlobalSection
	GlobalSection(ExtensibilityGlobals) = postSolution
		SolutionGuid = {3FE4FE77-0C8B-4531-84CA-8004D381F8B1}
	EndGlobalSection
EndGlobal
